
Microsoft Visual Studio Solution File, Format Version 12.00
# Visual Studio Version 17
VisualStudioVersion = 17.7.34031.279
MinimumVisualStudioVersion = 10.0.40219.1
Project("{FAE04EC0-301F-11D3-BF4B-00C04F79EFBC}") = "Webscrapping", "Webscrapping.csproj", "{EA93A100-EAA2-4D12-8E42-4F985D8C36FC}"
EndProject
Global
	GlobalSection(SolutionConfigurationPlatforms) = preSolution
		Debug|Any CPU = Debug|Any CPU
		Release|Any CPU = Release|Any CPU
	EndGlobalSection
	GlobalSection(ProjectConfigurationPlatforms) = postSolution
		{EA93A100-EAA2-4D12-8E42-4F985D8C36FC}.Debug|Any CPU.ActiveCfg = Debug|Any CPU
		{EA93A100-EAA2-4D12-8E42-4F985D8C36FC}.Debug|Any CPU.Build.0 = Debug|Any CPU
		{EA93A100-EAA2-4D12-8E42-4F985D8C36FC}.Release|Any CPU.ActiveCfg = Release|Any CPU
		{EA93A100-EAA2-4D12-8E42-4F985D8C36FC}.Release|Any CPU.Build.0 = Release|Any CPU
	EndGlobalSection
	GlobalSection(SolutionProperties) = preSolution
		HideSolutionNode = FALSE
	EndGlobalSection
	GlobalSection(ExtensibilityGlobals) = postSolution
		SolutionGuid = {125FD8EC-321B-4306-B6A3-C954F7B3D297}
	EndGlobalSection
EndGlobal
